// !$*UTF8*$!
{
	archiveVersion = 1;
	classes = {
	};
	objectVersion = 52;
	objects = {

/* Begin PBXBuildFile section */
		030BCEEA251444A9001EE47D /* AccountsCoreDataManagement in Frameworks */ = {isa = PBXBuildFile; productRef = 030BCEE9251444A9001EE47D /* AccountsCoreDataManagement */; };
		030BCEEC251444A9001EE47D /* DataManagement in Frameworks */ = {isa = PBXBuildFile; productRef = 030BCEEB251444A9001EE47D /* DataManagement */; };
		030BCEEE251444A9001EE47D /* NewMovement in Frameworks */ = {isa = PBXBuildFile; productRef = 030BCEED251444A9001EE47D /* NewMovement */; };
		030BCEF825156A6E001EE47D /* AccountsUI in Frameworks */ = {isa = PBXBuildFile; productRef = 030BCEF725156A6E001EE47D /* AccountsUI */; };
		0322B08525157467001EB2BC /* AccountTabView.swift in Sources */ = {isa = PBXBuildFile; fileRef = 0322B08425157467001EB2BC /* AccountTabView.swift */; };
		0322B08625157467001EB2BC /* AccountTabView.swift in Sources */ = {isa = PBXBuildFile; fileRef = 0322B08425157467001EB2BC /* AccountTabView.swift */; };
		0322B0A725157703001EB2BC /* Localizable.strings in Resources */ = {isa = PBXBuildFile; fileRef = 0322B0AA25157703001EB2BC /* Localizable.strings */; };
		0322B0A825157703001EB2BC /* Localizable.strings in Resources */ = {isa = PBXBuildFile; fileRef = 0322B0AA25157703001EB2BC /* Localizable.strings */; };
		0322B0BA251578D4001EB2BC /* Strings.swift in Sources */ = {isa = PBXBuildFile; fileRef = 0322B0B9251578D4001EB2BC /* Strings.swift */; };
		0322B0BB251578D4001EB2BC /* Strings.swift in Sources */ = {isa = PBXBuildFile; fileRef = 0322B0B9251578D4001EB2BC /* Strings.swift */; };
		0322B0C225157EE3001EB2BC /* ExpeditureData.json in Resources */ = {isa = PBXBuildFile; fileRef = 0322B0C125157EE3001EB2BC /* ExpeditureData.json */; };
		0322B0C325157EE3001EB2BC /* ExpeditureData.json in Resources */ = {isa = PBXBuildFile; fileRef = 0322B0C125157EE3001EB2BC /* ExpeditureData.json */; };
		0322B0C9251580B2001EB2BC /* IncomeData.json in Resources */ = {isa = PBXBuildFile; fileRef = 0322B0C8251580B2001EB2BC /* IncomeData.json */; };
		0322B0CA251580B2001EB2BC /* IncomeData.json in Resources */ = {isa = PBXBuildFile; fileRef = 0322B0C8251580B2001EB2BC /* IncomeData.json */; };
		0322B0D025158C7B001EB2BC /* NewMovementResources.swift in Sources */ = {isa = PBXBuildFile; fileRef = 0322B0CF25158C7B001EB2BC /* NewMovementResources.swift */; };
		0322B0D125158C7B001EB2BC /* NewMovementResources.swift in Sources */ = {isa = PBXBuildFile; fileRef = 0322B0CF25158C7B001EB2BC /* NewMovementResources.swift */; };
		03CF3D29250D05430096F71C /* Tests_iOS.swift in Sources */ = {isa = PBXBuildFile; fileRef = 03CF3D28250D05430096F71C /* Tests_iOS.swift */; };
		03CF3D34250D05430096F71C /* Tests_macOS.swift in Sources */ = {isa = PBXBuildFile; fileRef = 03CF3D33250D05430096F71C /* Tests_macOS.swift */; };
		03CF3D38250D05430096F71C /* AccountsApp.swift in Sources */ = {isa = PBXBuildFile; fileRef = 03CF3D0C250D05420096F71C /* AccountsApp.swift */; };
		03CF3D39250D05430096F71C /* AccountsApp.swift in Sources */ = {isa = PBXBuildFile; fileRef = 03CF3D0C250D05420096F71C /* AccountsApp.swift */; };
		03CF3D3E250D05430096F71C /* Assets.xcassets in Resources */ = {isa = PBXBuildFile; fileRef = 03CF3D0F250D05420096F71C /* Assets.xcassets */; };
		03CF3D3F250D05430096F71C /* Assets.xcassets in Resources */ = {isa = PBXBuildFile; fileRef = 03CF3D0F250D05420096F71C /* Assets.xcassets */; };
		03D156E32514357B001E1133 /* AccountsCoreDataManagement in Frameworks */ = {isa = PBXBuildFile; productRef = 03D156E22514357B001E1133 /* AccountsCoreDataManagement */; };
		03D156E72514357B001E1133 /* DataManagement in Frameworks */ = {isa = PBXBuildFile; productRef = 03D156E62514357B001E1133 /* DataManagement */; };
		03D156E92514357B001E1133 /* NewMovement in Frameworks */ = {isa = PBXBuildFile; productRef = 03D156E82514357B001E1133 /* NewMovement */; };
/* End PBXBuildFile section */

/* Begin PBXContainerItemProxy section */
		03CF3D25250D05430096F71C /* PBXContainerItemProxy */ = {
			isa = PBXContainerItemProxy;
			containerPortal = 03CF3D05250D05410096F71C /* Project object */;
			proxyType = 1;
			remoteGlobalIDString = 03CF3D13250D05420096F71C;
			remoteInfo = "Accounts (iOS)";
		};
		03CF3D30250D05430096F71C /* PBXContainerItemProxy */ = {
			isa = PBXContainerItemProxy;
			containerPortal = 03CF3D05250D05410096F71C /* Project object */;
			proxyType = 1;
			remoteGlobalIDString = 03CF3D1B250D05420096F71C;
			remoteInfo = "Accounts (macOS)";
		};
/* End PBXContainerItemProxy section */

/* Begin PBXFileReference section */
		0322B08425157467001EB2BC /* AccountTabView.swift */ = {isa = PBXFileReference; lastKnownFileType = sourcecode.swift; path = AccountTabView.swift; sourceTree = "<group>"; };
		0322B0A925157703001EB2BC /* es */ = {isa = PBXFileReference; lastKnownFileType = text.plist.strings; name = es; path = es.lproj/Localizable.strings; sourceTree = "<group>"; };
		0322B0B325157706001EB2BC /* en */ = {isa = PBXFileReference; lastKnownFileType = text.plist.strings; name = en; path = en.lproj/Localizable.strings; sourceTree = "<group>"; };
		0322B0B9251578D4001EB2BC /* Strings.swift */ = {isa = PBXFileReference; fileEncoding = 4; lastKnownFileType = sourcecode.swift; path = Strings.swift; sourceTree = "<group>"; };
		0322B0C125157EE3001EB2BC /* ExpeditureData.json */ = {isa = PBXFileReference; lastKnownFileType = text.json; path = ExpeditureData.json; sourceTree = "<group>"; };
		0322B0C8251580B2001EB2BC /* IncomeData.json */ = {isa = PBXFileReference; fileEncoding = 4; lastKnownFileType = text.json; path = IncomeData.json; sourceTree = "<group>"; };
		0322B0CF25158C7B001EB2BC /* NewMovementResources.swift */ = {isa = PBXFileReference; lastKnownFileType = sourcecode.swift; path = NewMovementResources.swift; sourceTree = "<group>"; };
		03CF3D0C250D05420096F71C /* AccountsApp.swift */ = {isa = PBXFileReference; lastKnownFileType = sourcecode.swift; path = AccountsApp.swift; sourceTree = "<group>"; };
		03CF3D0F250D05420096F71C /* Assets.xcassets */ = {isa = PBXFileReference; lastKnownFileType = folder.assetcatalog; path = Assets.xcassets; sourceTree = "<group>"; };
		03CF3D14250D05420096F71C /* Accounts.app */ = {isa = PBXFileReference; explicitFileType = wrapper.application; includeInIndex = 0; path = Accounts.app; sourceTree = BUILT_PRODUCTS_DIR; };
		03CF3D17250D05420096F71C /* Info.plist */ = {isa = PBXFileReference; lastKnownFileType = text.plist.xml; path = Info.plist; sourceTree = "<group>"; };
		03CF3D1C250D05420096F71C /* Accounts.app */ = {isa = PBXFileReference; explicitFileType = wrapper.application; includeInIndex = 0; path = Accounts.app; sourceTree = BUILT_PRODUCTS_DIR; };
		03CF3D1E250D05420096F71C /* Info.plist */ = {isa = PBXFileReference; lastKnownFileType = text.plist.xml; path = Info.plist; sourceTree = "<group>"; };
		03CF3D1F250D05420096F71C /* macOS.entitlements */ = {isa = PBXFileReference; lastKnownFileType = text.plist.entitlements; path = macOS.entitlements; sourceTree = "<group>"; };
		03CF3D24250D05420096F71C /* Tests iOS.xctest */ = {isa = PBXFileReference; explicitFileType = wrapper.cfbundle; includeInIndex = 0; path = "Tests iOS.xctest"; sourceTree = BUILT_PRODUCTS_DIR; };
		03CF3D28250D05430096F71C /* Tests_iOS.swift */ = {isa = PBXFileReference; lastKnownFileType = sourcecode.swift; path = Tests_iOS.swift; sourceTree = "<group>"; };
		03CF3D2A250D05430096F71C /* Info.plist */ = {isa = PBXFileReference; lastKnownFileType = text.plist.xml; path = Info.plist; sourceTree = "<group>"; };
		03CF3D2F250D05430096F71C /* Tests macOS.xctest */ = {isa = PBXFileReference; explicitFileType = wrapper.cfbundle; includeInIndex = 0; path = "Tests macOS.xctest"; sourceTree = BUILT_PRODUCTS_DIR; };
		03CF3D33250D05430096F71C /* Tests_macOS.swift */ = {isa = PBXFileReference; lastKnownFileType = sourcecode.swift; path = Tests_macOS.swift; sourceTree = "<group>"; };
		03CF3D35250D05430096F71C /* Info.plist */ = {isa = PBXFileReference; lastKnownFileType = text.plist.xml; path = Info.plist; sourceTree = "<group>"; };
/* End PBXFileReference section */

/* Begin PBXFrameworksBuildPhase section */
		03CF3D11250D05420096F71C /* Frameworks */ = {
			isa = PBXFrameworksBuildPhase;
			buildActionMask = 2147483647;
			files = (
				030BCEF825156A6E001EE47D /* AccountsUI in Frameworks */,
				03D156E92514357B001E1133 /* NewMovement in Frameworks */,
				03D156E72514357B001E1133 /* DataManagement in Frameworks */,
				03D156E32514357B001E1133 /* AccountsCoreDataManagement in Frameworks */,
			);
			runOnlyForDeploymentPostprocessing = 0;
		};
		03CF3D19250D05420096F71C /* Frameworks */ = {
			isa = PBXFrameworksBuildPhase;
			buildActionMask = 2147483647;
			files = (
				030BCEEA251444A9001EE47D /* AccountsCoreDataManagement in Frameworks */,
				030BCEEC251444A9001EE47D /* DataManagement in Frameworks */,
				030BCEEE251444A9001EE47D /* NewMovement in Frameworks */,
			);
			runOnlyForDeploymentPostprocessing = 0;
		};
		03CF3D21250D05420096F71C /* Frameworks */ = {
			isa = PBXFrameworksBuildPhase;
			buildActionMask = 2147483647;
			files = (
			);
			runOnlyForDeploymentPostprocessing = 0;
		};
		03CF3D2C250D05430096F71C /* Frameworks */ = {
			isa = PBXFrameworksBuildPhase;
			buildActionMask = 2147483647;
			files = (
			);
			runOnlyForDeploymentPostprocessing = 0;
		};
/* End PBXFrameworksBuildPhase section */

/* Begin PBXGroup section */
		0322B09F251576BA001EB2BC /* Resources */ = {
			isa = PBXGroup;
			children = (
				0322B0C025157EB9001EB2BC /* Json */,
				0322B0AA25157703001EB2BC /* Localizable.strings */,
			);
			path = Resources;
			sourceTree = "<group>";
		};
		0322B0B825157838001EB2BC /* Localization */ = {
			isa = PBXGroup;
			children = (
				0322B0B9251578D4001EB2BC /* Strings.swift */,
			);
			path = Localization;
			sourceTree = "<group>";
		};
		0322B0C025157EB9001EB2BC /* Json */ = {
			isa = PBXGroup;
			children = (
				0322B0C8251580B2001EB2BC /* IncomeData.json */,
				0322B0C125157EE3001EB2BC /* ExpeditureData.json */,
				0322B0CF25158C7B001EB2BC /* NewMovementResources.swift */,
			);
			path = Json;
			sourceTree = "<group>";
		};
		0398C2FA2513F9070022E279 /* Frameworks */ = {
			isa = PBXGroup;
			children = (
			);
			name = Frameworks;
			sourceTree = "<group>";
		};
		03CF3D04250D05410096F71C = {
			isa = PBXGroup;
			children = (
				03CF3D09250D05410096F71C /* Shared */,
				03CF3D16250D05420096F71C /* iOS */,
				03CF3D1D250D05420096F71C /* macOS */,
				03CF3D27250D05430096F71C /* Tests iOS */,
				03CF3D32250D05430096F71C /* Tests macOS */,
				03CF3D15250D05420096F71C /* Products */,
				0398C2FA2513F9070022E279 /* Frameworks */,
			);
			sourceTree = "<group>";
		};
		03CF3D09250D05410096F71C /* Shared */ = {
			isa = PBXGroup;
			children = (
				0322B0B825157838001EB2BC /* Localization */,
				0322B09F251576BA001EB2BC /* Resources */,
				03CF3D0C250D05420096F71C /* AccountsApp.swift */,
				03CF3D0F250D05420096F71C /* Assets.xcassets */,
				0322B08425157467001EB2BC /* AccountTabView.swift */,
			);
			path = Shared;
			sourceTree = "<group>";
		};
		03CF3D15250D05420096F71C /* Products */ = {
			isa = PBXGroup;
			children = (
				03CF3D14250D05420096F71C /* Accounts.app */,
				03CF3D1C250D05420096F71C /* Accounts.app */,
				03CF3D24250D05420096F71C /* Tests iOS.xctest */,
				03CF3D2F250D05430096F71C /* Tests macOS.xctest */,
			);
			name = Products;
			sourceTree = "<group>";
		};
		03CF3D16250D05420096F71C /* iOS */ = {
			isa = PBXGroup;
			children = (
				03CF3D17250D05420096F71C /* Info.plist */,
			);
			path = iOS;
			sourceTree = "<group>";
		};
		03CF3D1D250D05420096F71C /* macOS */ = {
			isa = PBXGroup;
			children = (
				03CF3D1E250D05420096F71C /* Info.plist */,
				03CF3D1F250D05420096F71C /* macOS.entitlements */,
			);
			path = macOS;
			sourceTree = "<group>";
		};
		03CF3D27250D05430096F71C /* Tests iOS */ = {
			isa = PBXGroup;
			children = (
				03CF3D28250D05430096F71C /* Tests_iOS.swift */,
				03CF3D2A250D05430096F71C /* Info.plist */,
			);
			path = "Tests iOS";
			sourceTree = "<group>";
		};
		03CF3D32250D05430096F71C /* Tests macOS */ = {
			isa = PBXGroup;
			children = (
				03CF3D33250D05430096F71C /* Tests_macOS.swift */,
				03CF3D35250D05430096F71C /* Info.plist */,
			);
			path = "Tests macOS";
			sourceTree = "<group>";
		};
/* End PBXGroup section */

/* Begin PBXNativeTarget section */
		03CF3D13250D05420096F71C /* Accounts (iOS) */ = {
			isa = PBXNativeTarget;
			buildConfigurationList = 03CF3D42250D05430096F71C /* Build configuration list for PBXNativeTarget "Accounts (iOS)" */;
			buildPhases = (
				03CF3D10250D05420096F71C /* Sources */,
				03CF3D11250D05420096F71C /* Frameworks */,
				03CF3D12250D05420096F71C /* Resources */,
			);
			buildRules = (
			);
			dependencies = (
			);
			name = "Accounts (iOS)";
			packageProductDependencies = (
				03D156E22514357B001E1133 /* AccountsCoreDataManagement */,
				03D156E62514357B001E1133 /* DataManagement */,
				03D156E82514357B001E1133 /* NewMovement */,
				030BCEF725156A6E001EE47D /* AccountsUI */,
			);
			productName = "Accounts (iOS)";
			productReference = 03CF3D14250D05420096F71C /* Accounts.app */;
			productType = "com.apple.product-type.application";
		};
		03CF3D1B250D05420096F71C /* Accounts (macOS) */ = {
			isa = PBXNativeTarget;
			buildConfigurationList = 03CF3D45250D05430096F71C /* Build configuration list for PBXNativeTarget "Accounts (macOS)" */;
			buildPhases = (
				03CF3D18250D05420096F71C /* Sources */,
				03CF3D19250D05420096F71C /* Frameworks */,
				03CF3D1A250D05420096F71C /* Resources */,
			);
			buildRules = (
			);
			dependencies = (
			);
			name = "Accounts (macOS)";
			packageProductDependencies = (
				030BCEE9251444A9001EE47D /* AccountsCoreDataManagement */,
				030BCEEB251444A9001EE47D /* DataManagement */,
				030BCEED251444A9001EE47D /* NewMovement */,
			);
			productName = "Accounts (macOS)";
			productReference = 03CF3D1C250D05420096F71C /* Accounts.app */;
			productType = "com.apple.product-type.application";
		};
		03CF3D23250D05420096F71C /* Tests iOS */ = {
			isa = PBXNativeTarget;
			buildConfigurationList = 03CF3D48250D05430096F71C /* Build configuration list for PBXNativeTarget "Tests iOS" */;
			buildPhases = (
				03CF3D20250D05420096F71C /* Sources */,
				03CF3D21250D05420096F71C /* Frameworks */,
				03CF3D22250D05420096F71C /* Resources */,
			);
			buildRules = (
			);
			dependencies = (
				03CF3D26250D05430096F71C /* PBXTargetDependency */,
			);
			name = "Tests iOS";
			productName = "Tests iOS";
			productReference = 03CF3D24250D05420096F71C /* Tests iOS.xctest */;
			productType = "com.apple.product-type.bundle.ui-testing";
		};
		03CF3D2E250D05430096F71C /* Tests macOS */ = {
			isa = PBXNativeTarget;
			buildConfigurationList = 03CF3D4B250D05430096F71C /* Build configuration list for PBXNativeTarget "Tests macOS" */;
			buildPhases = (
				03CF3D2B250D05430096F71C /* Sources */,
				03CF3D2C250D05430096F71C /* Frameworks */,
				03CF3D2D250D05430096F71C /* Resources */,
			);
			buildRules = (
			);
			dependencies = (
				03CF3D31250D05430096F71C /* PBXTargetDependency */,
			);
			name = "Tests macOS";
			productName = "Tests macOS";
			productReference = 03CF3D2F250D05430096F71C /* Tests macOS.xctest */;
			productType = "com.apple.product-type.bundle.ui-testing";
		};
/* End PBXNativeTarget section */

/* Begin PBXProject section */
		03CF3D05250D05410096F71C /* Project object */ = {
			isa = PBXProject;
			attributes = {
				LastSwiftUpdateCheck = 1200;
				LastUpgradeCheck = 1200;
				TargetAttributes = {
					03CF3D13250D05420096F71C = {
						CreatedOnToolsVersion = 12.0;
					};
					03CF3D1B250D05420096F71C = {
						CreatedOnToolsVersion = 12.0;
					};
					03CF3D23250D05420096F71C = {
						CreatedOnToolsVersion = 12.0;
						TestTargetID = 03CF3D13250D05420096F71C;
					};
					03CF3D2E250D05430096F71C = {
						CreatedOnToolsVersion = 12.0;
						TestTargetID = 03CF3D1B250D05420096F71C;
					};
				};
			};
			buildConfigurationList = 03CF3D08250D05410096F71C /* Build configuration list for PBXProject "Accounts" */;
			compatibilityVersion = "Xcode 9.3";
			developmentRegion = en;
			hasScannedForEncodings = 0;
			knownRegions = (
				en,
				Base,
				es,
			);
			mainGroup = 03CF3D04250D05410096F71C;
			productRefGroup = 03CF3D15250D05420096F71C /* Products */;
			projectDirPath = "";
			projectRoot = "";
			targets = (
				03CF3D13250D05420096F71C /* Accounts (iOS) */,
				03CF3D1B250D05420096F71C /* Accounts (macOS) */,
				03CF3D23250D05420096F71C /* Tests iOS */,
				03CF3D2E250D05430096F71C /* Tests macOS */,
			);
		};
/* End PBXProject section */

/* Begin PBXResourcesBuildPhase section */
		03CF3D12250D05420096F71C /* Resources */ = {
			isa = PBXResourcesBuildPhase;
			buildActionMask = 2147483647;
			files = (
				0322B0C9251580B2001EB2BC /* IncomeData.json in Resources */,
				0322B0C225157EE3001EB2BC /* ExpeditureData.json in Resources */,
				03CF3D3E250D05430096F71C /* Assets.xcassets in Resources */,
				0322B0A725157703001EB2BC /* Localizable.strings in Resources */,
			);
			runOnlyForDeploymentPostprocessing = 0;
		};
		03CF3D1A250D05420096F71C /* Resources */ = {
			isa = PBXResourcesBuildPhase;
			buildActionMask = 2147483647;
			files = (
				0322B0CA251580B2001EB2BC /* IncomeData.json in Resources */,
				0322B0C325157EE3001EB2BC /* ExpeditureData.json in Resources */,
				03CF3D3F250D05430096F71C /* Assets.xcassets in Resources */,
				0322B0A825157703001EB2BC /* Localizable.strings in Resources */,
			);
			runOnlyForDeploymentPostprocessing = 0;
		};
		03CF3D22250D05420096F71C /* Resources */ = {
			isa = PBXResourcesBuildPhase;
			buildActionMask = 2147483647;
			files = (
			);
			runOnlyForDeploymentPostprocessing = 0;
		};
		03CF3D2D250D05430096F71C /* Resources */ = {
			isa = PBXResourcesBuildPhase;
			buildActionMask = 2147483647;
			files = (
			);
			runOnlyForDeploymentPostprocessing = 0;
		};
/* End PBXResourcesBuildPhase section */

/* Begin PBXSourcesBuildPhase section */
		03CF3D10250D05420096F71C /* Sources */ = {
			isa = PBXSourcesBuildPhase;
			buildActionMask = 2147483647;
			files = (
				0322B08525157467001EB2BC /* AccountTabView.swift in Sources */,
				0322B0D025158C7B001EB2BC /* NewMovementResources.swift in Sources */,
				0322B0BA251578D4001EB2BC /* Strings.swift in Sources */,
				03CF3D38250D05430096F71C /* AccountsApp.swift in Sources */,
			);
			runOnlyForDeploymentPostprocessing = 0;
		};
		03CF3D18250D05420096F71C /* Sources */ = {
			isa = PBXSourcesBuildPhase;
			buildActionMask = 2147483647;
			files = (
				0322B08625157467001EB2BC /* AccountTabView.swift in Sources */,
				0322B0D125158C7B001EB2BC /* NewMovementResources.swift in Sources */,
				0322B0BB251578D4001EB2BC /* Strings.swift in Sources */,
				03CF3D39250D05430096F71C /* AccountsApp.swift in Sources */,
			);
			runOnlyForDeploymentPostprocessing = 0;
		};
		03CF3D20250D05420096F71C /* Sources */ = {
			isa = PBXSourcesBuildPhase;
			buildActionMask = 2147483647;
			files = (
				03CF3D29250D05430096F71C /* Tests_iOS.swift in Sources */,
			);
			runOnlyForDeploymentPostprocessing = 0;
		};
		03CF3D2B250D05430096F71C /* Sources */ = {
			isa = PBXSourcesBuildPhase;
			buildActionMask = 2147483647;
			files = (
				03CF3D34250D05430096F71C /* Tests_macOS.swift in Sources */,
			);
			runOnlyForDeploymentPostprocessing = 0;
		};
/* End PBXSourcesBuildPhase section */

/* Begin PBXTargetDependency section */
		03CF3D26250D05430096F71C /* PBXTargetDependency */ = {
			isa = PBXTargetDependency;
			target = 03CF3D13250D05420096F71C /* Accounts (iOS) */;
			targetProxy = 03CF3D25250D05430096F71C /* PBXContainerItemProxy */;
		};
		03CF3D31250D05430096F71C /* PBXTargetDependency */ = {
			isa = PBXTargetDependency;
			target = 03CF3D1B250D05420096F71C /* Accounts (macOS) */;
			targetProxy = 03CF3D30250D05430096F71C /* PBXContainerItemProxy */;
		};
/* End PBXTargetDependency section */

/* Begin PBXVariantGroup section */
		0322B0AA25157703001EB2BC /* Localizable.strings */ = {
			isa = PBXVariantGroup;
			children = (
				0322B0A925157703001EB2BC /* es */,
				0322B0B325157706001EB2BC /* en */,
			);
			name = Localizable.strings;
			sourceTree = "<group>";
		};
/* End PBXVariantGroup section */

/* Begin XCBuildConfiguration section */
		03CF3D40250D05430096F71C /* Debug */ = {
			isa = XCBuildConfiguration;
			buildSettings = {
				ALWAYS_SEARCH_USER_PATHS = NO;
				CLANG_ANALYZER_NONNULL = YES;
				CLANG_ANALYZER_NUMBER_OBJECT_CONVERSION = YES_AGGRESSIVE;
				CLANG_CXX_LANGUAGE_STANDARD = "gnu++14";
				CLANG_CXX_LIBRARY = "libc++";
				CLANG_ENABLE_MODULES = YES;
				CLANG_ENABLE_OBJC_ARC = YES;
				CLANG_ENABLE_OBJC_WEAK = YES;
				CLANG_WARN_BLOCK_CAPTURE_AUTORELEASING = YES;
				CLANG_WARN_BOOL_CONVERSION = YES;
				CLANG_WARN_COMMA = YES;
				CLANG_WARN_CONSTANT_CONVERSION = YES;
				CLANG_WARN_DEPRECATED_OBJC_IMPLEMENTATIONS = YES;
				CLANG_WARN_DIRECT_OBJC_ISA_USAGE = YES_ERROR;
				CLANG_WARN_DOCUMENTATION_COMMENTS = YES;
				CLANG_WARN_EMPTY_BODY = YES;
				CLANG_WARN_ENUM_CONVERSION = YES;
				CLANG_WARN_INFINITE_RECURSION = YES;
				CLANG_WARN_INT_CONVERSION = YES;
				CLANG_WARN_NON_LITERAL_NULL_CONVERSION = YES;
				CLANG_WARN_OBJC_IMPLICIT_RETAIN_SELF = YES;
				CLANG_WARN_OBJC_LITERAL_CONVERSION = YES;
				CLANG_WARN_OBJC_ROOT_CLASS = YES_ERROR;
				CLANG_WARN_QUOTED_INCLUDE_IN_FRAMEWORK_HEADER = YES;
				CLANG_WARN_RANGE_LOOP_ANALYSIS = YES;
				CLANG_WARN_STRICT_PROTOTYPES = YES;
				CLANG_WARN_SUSPICIOUS_MOVE = YES;
				CLANG_WARN_UNGUARDED_AVAILABILITY = YES_AGGRESSIVE;
				CLANG_WARN_UNREACHABLE_CODE = YES;
				CLANG_WARN__DUPLICATE_METHOD_MATCH = YES;
				COPY_PHASE_STRIP = NO;
				DEBUG_INFORMATION_FORMAT = dwarf;
				ENABLE_STRICT_OBJC_MSGSEND = YES;
				ENABLE_TESTABILITY = YES;
				GCC_C_LANGUAGE_STANDARD = gnu11;
				GCC_DYNAMIC_NO_PIC = NO;
				GCC_NO_COMMON_BLOCKS = YES;
				GCC_OPTIMIZATION_LEVEL = 0;
				GCC_PREPROCESSOR_DEFINITIONS = (
					"DEBUG=1",
					"$(inherited)",
				);
				GCC_WARN_64_TO_32_BIT_CONVERSION = YES;
				GCC_WARN_ABOUT_RETURN_TYPE = YES_ERROR;
				GCC_WARN_UNDECLARED_SELECTOR = YES;
				GCC_WARN_UNINITIALIZED_AUTOS = YES_AGGRESSIVE;
				GCC_WARN_UNUSED_FUNCTION = YES;
				GCC_WARN_UNUSED_VARIABLE = YES;
				MTL_ENABLE_DEBUG_INFO = INCLUDE_SOURCE;
				MTL_FAST_MATH = YES;
				ONLY_ACTIVE_ARCH = YES;
				SWIFT_ACTIVE_COMPILATION_CONDITIONS = DEBUG;
				SWIFT_OPTIMIZATION_LEVEL = "-Onone";
			};
			name = Debug;
		};
		03CF3D41250D05430096F71C /* Release */ = {
			isa = XCBuildConfiguration;
			buildSettings = {
				ALWAYS_SEARCH_USER_PATHS = NO;
				CLANG_ANALYZER_NONNULL = YES;
				CLANG_ANALYZER_NUMBER_OBJECT_CONVERSION = YES_AGGRESSIVE;
				CLANG_CXX_LANGUAGE_STANDARD = "gnu++14";
				CLANG_CXX_LIBRARY = "libc++";
				CLANG_ENABLE_MODULES = YES;
				CLANG_ENABLE_OBJC_ARC = YES;
				CLANG_ENABLE_OBJC_WEAK = YES;
				CLANG_WARN_BLOCK_CAPTURE_AUTORELEASING = YES;
				CLANG_WARN_BOOL_CONVERSION = YES;
				CLANG_WARN_COMMA = YES;
				CLANG_WARN_CONSTANT_CONVERSION = YES;
				CLANG_WARN_DEPRECATED_OBJC_IMPLEMENTATIONS = YES;
				CLANG_WARN_DIRECT_OBJC_ISA_USAGE = YES_ERROR;
				CLANG_WARN_DOCUMENTATION_COMMENTS = YES;
				CLANG_WARN_EMPTY_BODY = YES;
				CLANG_WARN_ENUM_CONVERSION = YES;
				CLANG_WARN_INFINITE_RECURSION = YES;
				CLANG_WARN_INT_CONVERSION = YES;
				CLANG_WARN_NON_LITERAL_NULL_CONVERSION = YES;
				CLANG_WARN_OBJC_IMPLICIT_RETAIN_SELF = YES;
				CLANG_WARN_OBJC_LITERAL_CONVERSION = YES;
				CLANG_WARN_OBJC_ROOT_CLASS = YES_ERROR;
				CLANG_WARN_QUOTED_INCLUDE_IN_FRAMEWORK_HEADER = YES;
				CLANG_WARN_RANGE_LOOP_ANALYSIS = YES;
				CLANG_WARN_STRICT_PROTOTYPES = YES;
				CLANG_WARN_SUSPICIOUS_MOVE = YES;
				CLANG_WARN_UNGUARDED_AVAILABILITY = YES_AGGRESSIVE;
				CLANG_WARN_UNREACHABLE_CODE = YES;
				CLANG_WARN__DUPLICATE_METHOD_MATCH = YES;
				COPY_PHASE_STRIP = NO;
				DEBUG_INFORMATION_FORMAT = "dwarf-with-dsym";
				ENABLE_NS_ASSERTIONS = NO;
				ENABLE_STRICT_OBJC_MSGSEND = YES;
				GCC_C_LANGUAGE_STANDARD = gnu11;
				GCC_NO_COMMON_BLOCKS = YES;
				GCC_WARN_64_TO_32_BIT_CONVERSION = YES;
				GCC_WARN_ABOUT_RETURN_TYPE = YES_ERROR;
				GCC_WARN_UNDECLARED_SELECTOR = YES;
				GCC_WARN_UNINITIALIZED_AUTOS = YES_AGGRESSIVE;
				GCC_WARN_UNUSED_FUNCTION = YES;
				GCC_WARN_UNUSED_VARIABLE = YES;
				MTL_ENABLE_DEBUG_INFO = NO;
				MTL_FAST_MATH = YES;
				SWIFT_COMPILATION_MODE = wholemodule;
				SWIFT_OPTIMIZATION_LEVEL = "-O";
			};
			name = Release;
		};
		03CF3D43250D05430096F71C /* Debug */ = {
			isa = XCBuildConfiguration;
			buildSettings = {
				ASSETCATALOG_COMPILER_APPICON_NAME = AppIcon;
				ASSETCATALOG_COMPILER_GLOBAL_ACCENT_COLOR_NAME = AccentColor;
				CODE_SIGN_STYLE = Automatic;
				DEVELOPMENT_TEAM = 48L72N5ZP6;
				ENABLE_PREVIEWS = YES;
				INFOPLIST_FILE = iOS/Info.plist;
				IPHONEOS_DEPLOYMENT_TARGET = 14.0;
				LD_RUNPATH_SEARCH_PATHS = (
					"$(inherited)",
					"@executable_path/Frameworks",
				);
				PRODUCT_BUNDLE_IDENTIFIER = bastianx6.Accounts;
				PRODUCT_NAME = Accounts;
				SDKROOT = iphoneos;
				SWIFT_VERSION = 5.0;
				TARGETED_DEVICE_FAMILY = "1,2";
			};
			name = Debug;
		};
		03CF3D44250D05430096F71C /* Release */ = {
			isa = XCBuildConfiguration;
			buildSettings = {
				ASSETCATALOG_COMPILER_APPICON_NAME = AppIcon;
				ASSETCATALOG_COMPILER_GLOBAL_ACCENT_COLOR_NAME = AccentColor;
				CODE_SIGN_STYLE = Automatic;
				DEVELOPMENT_TEAM = 48L72N5ZP6;
				ENABLE_PREVIEWS = YES;
				INFOPLIST_FILE = iOS/Info.plist;
				IPHONEOS_DEPLOYMENT_TARGET = 14.0;
				LD_RUNPATH_SEARCH_PATHS = (
					"$(inherited)",
					"@executable_path/Frameworks",
				);
				PRODUCT_BUNDLE_IDENTIFIER = bastianx6.Accounts;
				PRODUCT_NAME = Accounts;
				SDKROOT = iphoneos;
				SWIFT_VERSION = 5.0;
				TARGETED_DEVICE_FAMILY = "1,2";
				VALIDATE_PRODUCT = YES;
			};
			name = Release;
		};
		03CF3D46250D05430096F71C /* Debug */ = {
			isa = XCBuildConfiguration;
			buildSettings = {
				ASSETCATALOG_COMPILER_APPICON_NAME = AppIcon;
				ASSETCATALOG_COMPILER_GLOBAL_ACCENT_COLOR_NAME = AccentColor;
				CODE_SIGN_ENTITLEMENTS = macOS/macOS.entitlements;
				CODE_SIGN_STYLE = Automatic;
				COMBINE_HIDPI_IMAGES = YES;
				DEVELOPMENT_TEAM = 48L72N5ZP6;
				ENABLE_HARDENED_RUNTIME = YES;
				ENABLE_PREVIEWS = YES;
				INFOPLIST_FILE = macOS/Info.plist;
				LD_RUNPATH_SEARCH_PATHS = (
					"$(inherited)",
					"@executable_path/../Frameworks",
				);
				MACOSX_DEPLOYMENT_TARGET = 11.0;
				PRODUCT_BUNDLE_IDENTIFIER = bastianx6.Accounts;
				PRODUCT_NAME = Accounts;
				SDKROOT = macosx;
				SWIFT_VERSION = 5.0;
			};
			name = Debug;
		};
		03CF3D47250D05430096F71C /* Release */ = {
			isa = XCBuildConfiguration;
			buildSettings = {
				ASSETCATALOG_COMPILER_APPICON_NAME = AppIcon;
				ASSETCATALOG_COMPILER_GLOBAL_ACCENT_COLOR_NAME = AccentColor;
				CODE_SIGN_ENTITLEMENTS = macOS/macOS.entitlements;
				CODE_SIGN_STYLE = Automatic;
				COMBINE_HIDPI_IMAGES = YES;
				DEVELOPMENT_TEAM = 48L72N5ZP6;
				ENABLE_HARDENED_RUNTIME = YES;
				ENABLE_PREVIEWS = YES;
				INFOPLIST_FILE = macOS/Info.plist;
				LD_RUNPATH_SEARCH_PATHS = (
					"$(inherited)",
					"@executable_path/../Frameworks",
				);
				MACOSX_DEPLOYMENT_TARGET = 11.0;
				PRODUCT_BUNDLE_IDENTIFIER = bastianx6.Accounts;
				PRODUCT_NAME = Accounts;
				SDKROOT = macosx;
				SWIFT_VERSION = 5.0;
			};
			name = Release;
		};
		03CF3D49250D05430096F71C /* Debug */ = {
			isa = XCBuildConfiguration;
			buildSettings = {
				ALWAYS_EMBED_SWIFT_STANDARD_LIBRARIES = YES;
				CODE_SIGN_STYLE = Automatic;
				DEVELOPMENT_TEAM = 48L72N5ZP6;
				INFOPLIST_FILE = "Tests iOS/Info.plist";
				IPHONEOS_DEPLOYMENT_TARGET = 14.0;
				LD_RUNPATH_SEARCH_PATHS = (
					"$(inherited)",
					"@executable_path/Frameworks",
					"@loader_path/Frameworks",
				);
				PRODUCT_BUNDLE_IDENTIFIER = "bastianx6.Tests-iOS";
				PRODUCT_NAME = "$(TARGET_NAME)";
				SDKROOT = iphoneos;
				SWIFT_VERSION = 5.0;
				TARGETED_DEVICE_FAMILY = "1,2";
				TEST_TARGET_NAME = "Accounts (iOS)";
			};
			name = Debug;
		};
		03CF3D4A250D05430096F71C /* Release */ = {
			isa = XCBuildConfiguration;
			buildSettings = {
				ALWAYS_EMBED_SWIFT_STANDARD_LIBRARIES = YES;
				CODE_SIGN_STYLE = Automatic;
				DEVELOPMENT_TEAM = 48L72N5ZP6;
				INFOPLIST_FILE = "Tests iOS/Info.plist";
				IPHONEOS_DEPLOYMENT_TARGET = 14.0;
				LD_RUNPATH_SEARCH_PATHS = (
					"$(inherited)",
					"@executable_path/Frameworks",
					"@loader_path/Frameworks",
				);
				PRODUCT_BUNDLE_IDENTIFIER = "bastianx6.Tests-iOS";
				PRODUCT_NAME = "$(TARGET_NAME)";
				SDKROOT = iphoneos;
				SWIFT_VERSION = 5.0;
				TARGETED_DEVICE_FAMILY = "1,2";
				TEST_TARGET_NAME = "Accounts (iOS)";
				VALIDATE_PRODUCT = YES;
			};
			name = Release;
		};
		03CF3D4C250D05430096F71C /* Debug */ = {
			isa = XCBuildConfiguration;
			buildSettings = {
				ALWAYS_EMBED_SWIFT_STANDARD_LIBRARIES = YES;
				CODE_SIGN_STYLE = Automatic;
				COMBINE_HIDPI_IMAGES = YES;
				DEVELOPMENT_TEAM = 48L72N5ZP6;
				INFOPLIST_FILE = "Tests macOS/Info.plist";
				LD_RUNPATH_SEARCH_PATHS = (
					"$(inherited)",
					"@executable_path/../Frameworks",
					"@loader_path/../Frameworks",
				);
				MACOSX_DEPLOYMENT_TARGET = 10.15;
				PRODUCT_BUNDLE_IDENTIFIER = "bastianx6.Tests-macOS";
				PRODUCT_NAME = "$(TARGET_NAME)";
				SDKROOT = macosx;
				SWIFT_VERSION = 5.0;
				TEST_TARGET_NAME = "Accounts (macOS)";
			};
			name = Debug;
		};
		03CF3D4D250D05430096F71C /* Release */ = {
			isa = XCBuildConfiguration;
			buildSettings = {
				ALWAYS_EMBED_SWIFT_STANDARD_LIBRARIES = YES;
				CODE_SIGN_STYLE = Automatic;
				COMBINE_HIDPI_IMAGES = YES;
				DEVELOPMENT_TEAM = 48L72N5ZP6;
				INFOPLIST_FILE = "Tests macOS/Info.plist";
				LD_RUNPATH_SEARCH_PATHS = (
					"$(inherited)",
					"@executable_path/../Frameworks",
					"@loader_path/../Frameworks",
				);
				MACOSX_DEPLOYMENT_TARGET = 10.15;
				PRODUCT_BUNDLE_IDENTIFIER = "bastianx6.Tests-macOS";
				PRODUCT_NAME = "$(TARGET_NAME)";
				SDKROOT = macosx;
				SWIFT_VERSION = 5.0;
				TEST_TARGET_NAME = "Accounts (macOS)";
			};
			name = Release;
		};
/* End XCBuildConfiguration section */

/* Begin XCConfigurationList section */
		03CF3D08250D05410096F71C /* Build configuration list for PBXProject "Accounts" */ = {
			isa = XCConfigurationList;
			buildConfigurations = (
				03CF3D40250D05430096F71C /* Debug */,
				03CF3D41250D05430096F71C /* Release */,
			);
			defaultConfigurationIsVisible = 0;
			defaultConfigurationName = Release;
		};
		03CF3D42250D05430096F71C /* Build configuration list for PBXNativeTarget "Accounts (iOS)" */ = {
			isa = XCConfigurationList;
			buildConfigurations = (
				03CF3D43250D05430096F71C /* Debug */,
				03CF3D44250D05430096F71C /* Release */,
			);
			defaultConfigurationIsVisible = 0;
			defaultConfigurationName = Release;
		};
		03CF3D45250D05430096F71C /* Build configuration list for PBXNativeTarget "Accounts (macOS)" */ = {
			isa = XCConfigurationList;
			buildConfigurations = (
				03CF3D46250D05430096F71C /* Debug */,
				03CF3D47250D05430096F71C /* Release */,
			);
			defaultConfigurationIsVisible = 0;
			defaultConfigurationName = Release;
		};
		03CF3D48250D05430096F71C /* Build configuration list for PBXNativeTarget "Tests iOS" */ = {
			isa = XCConfigurationList;
			buildConfigurations = (
				03CF3D49250D05430096F71C /* Debug */,
				03CF3D4A250D05430096F71C /* Release */,
			);
			defaultConfigurationIsVisible = 0;
			defaultConfigurationName = Release;
		};
		03CF3D4B250D05430096F71C /* Build configuration list for PBXNativeTarget "Tests macOS" */ = {
			isa = XCConfigurationList;
			buildConfigurations = (
				03CF3D4C250D05430096F71C /* Debug */,
				03CF3D4D250D05430096F71C /* Release */,
			);
			defaultConfigurationIsVisible = 0;
			defaultConfigurationName = Release;
		};
/* End XCConfigurationList section */

/* Begin XCSwiftPackageProductDependency section */
		030BCEE9251444A9001EE47D /* AccountsCoreDataManagement */ = {
			isa = XCSwiftPackageProductDependency;
			productName = AccountsCoreDataManagement;
		};
		030BCEEB251444A9001EE47D /* DataManagement */ = {
			isa = XCSwiftPackageProductDependency;
			productName = DataManagement;
		};
		030BCEED251444A9001EE47D /* NewMovement */ = {
			isa = XCSwiftPackageProductDependency;
			productName = NewMovement;
		};
		030BCEF725156A6E001EE47D /* AccountsUI */ = {
			isa = XCSwiftPackageProductDependency;
			productName = AccountsUI;
		};
		03D156E22514357B001E1133 /* AccountsCoreDataManagement */ = {
			isa = XCSwiftPackageProductDependency;
			productName = AccountsCoreDataManagement;
		};
		03D156E62514357B001E1133 /* DataManagement */ = {
			isa = XCSwiftPackageProductDependency;
			productName = DataManagement;
		};
		03D156E82514357B001E1133 /* NewMovement */ = {
			isa = XCSwiftPackageProductDependency;
			productName = NewMovement;
		};
/* End XCSwiftPackageProductDependency section */
	};
	rootObject = 03CF3D05250D05410096F71C /* Project object */;
}
